// !$*UTF8*$!
{
	archiveVersion = 1;
	classes = {
	};
	objectVersion = 50;
	objects = {

/* Begin PBXBuildFile section */
		1B0CD0E523DF542700330C78 /* README.md in Resources */ = {isa = PBXBuildFile; fileRef = 1B0CD0E223DF542600330C78 /* README.md */; };
		1B0CD0E723DF545700330C78 /* dashboard_example_response.json in Resources */ = {isa = PBXBuildFile; fileRef = 1B0CD0E023DF542600330C78 /* dashboard_example_response.json */; };
		1B0CD0E823DF545700330C78 /* markets_example_response.json in Resources */ = {isa = PBXBuildFile; fileRef = 1B0CD0E123DF542600330C78 /* markets_example_response.json */; };
		1B0CD0E923DF545B00330C78 /* dashboard_example_response.json in Resources */ = {isa = PBXBuildFile; fileRef = 1B0CD0E023DF542600330C78 /* dashboard_example_response.json */; };
		1B0CD0EA23DF545B00330C78 /* markets_example_response.json in Resources */ = {isa = PBXBuildFile; fileRef = 1B0CD0E123DF542600330C78 /* markets_example_response.json */; };
		1B6BE54323DF14D600530D5E /* SampleViewController.swift in Sources */ = {isa = PBXBuildFile; fileRef = 1B6BE54223DF14D600530D5E /* SampleViewController.swift */; };
		1B6BE54523DF176500530D5E /* SampleCoordinator.swift in Sources */ = {isa = PBXBuildFile; fileRef = 1B6BE54423DF176500530D5E /* SampleCoordinator.swift */; };
		1B6BE54723DF17CE00530D5E /* FXWorldTests.swift in Sources */ = {isa = PBXBuildFile; fileRef = 1B6BE54623DF17CE00530D5E /* FXWorldTests.swift */; };
		1B6BE54923DF4E3600530D5E /* Service.swift in Sources */ = {isa = PBXBuildFile; fileRef = 1B6BE54823DF4E3600530D5E /* Service.swift */; };
		1B6BE54B23DF4FB700530D5E /* SampleService.swift in Sources */ = {isa = PBXBuildFile; fileRef = 1B6BE54A23DF4FB700530D5E /* SampleService.swift */; };
		1B8C3B8D23916BAA00A12D6E /* TestResponse.swift in Sources */ = {isa = PBXBuildFile; fileRef = 1B8C3B8B23916BAA00A12D6E /* TestResponse.swift */; };
		1B8C3B8E23916BAA00A12D6E /* TargetViewTestCase.swift in Sources */ = {isa = PBXBuildFile; fileRef = 1B8C3B8C23916BAA00A12D6E /* TargetViewTestCase.swift */; };
		1BE0D7B8238D608000702CFE /* AppDelegate.swift in Sources */ = {isa = PBXBuildFile; fileRef = 1BE0D7B7238D608000702CFE /* AppDelegate.swift */; };
		1BE0D7BA238D608000702CFE /* SceneDelegate.swift in Sources */ = {isa = PBXBuildFile; fileRef = 1BE0D7B9238D608000702CFE /* SceneDelegate.swift */; };
		1BE0D7BF238D608000702CFE /* Main.storyboard in Resources */ = {isa = PBXBuildFile; fileRef = 1BE0D7BD238D608000702CFE /* Main.storyboard */; };
		1BE0D7C1238D608200702CFE /* Assets.xcassets in Resources */ = {isa = PBXBuildFile; fileRef = 1BE0D7C0238D608200702CFE /* Assets.xcassets */; };
		1BE0D7C4238D608200702CFE /* LaunchScreen.storyboard in Resources */ = {isa = PBXBuildFile; fileRef = 1BE0D7C2238D608200702CFE /* LaunchScreen.storyboard */; };
		1BE0D7DA238D608300702CFE /* FXWorldUITests.swift in Sources */ = {isa = PBXBuildFile; fileRef = 1BE0D7D9238D608300702CFE /* FXWorldUITests.swift */; };
		1BE0D7E9238D643B00702CFE /* Coordinator.swift in Sources */ = {isa = PBXBuildFile; fileRef = 1BE0D7E8238D643B00702CFE /* Coordinator.swift */; };
		1BEA6CB323DF59DB0066F848 /* FXWorldViewController.swift in Sources */ = {isa = PBXBuildFile; fileRef = 1BEA6CB223DF59DB0066F848 /* FXWorldViewController.swift */; };
		1BEA6CB523DF5A030066F848 /* FXWorldCoordinator.swift in Sources */ = {isa = PBXBuildFile; fileRef = 1BEA6CB423DF5A030066F848 /* FXWorldCoordinator.swift */; };
		1BEA6CB823DF5CE10066F848 /* DailyFXService.swift in Sources */ = {isa = PBXBuildFile; fileRef = 1BEA6CB723DF5CE10066F848 /* DailyFXService.swift */; };
		1BEA6CBB23DF5DB40066F848 /* FXModels.swift in Sources */ = {isa = PBXBuildFile; fileRef = 1BEA6CBA23DF5DB40066F848 /* FXModels.swift */; };
/* End PBXBuildFile section */

/* Begin PBXContainerItemProxy section */
		1BE0D7CB238D608300702CFE /* PBXContainerItemProxy */ = {
			isa = PBXContainerItemProxy;
			containerPortal = 1BE0D7AC238D608000702CFE /* Project object */;
			proxyType = 1;
			remoteGlobalIDString = 1BE0D7B3238D608000702CFE;
			remoteInfo = StrangeCalculator;
		};
		1BE0D7D6238D608300702CFE /* PBXContainerItemProxy */ = {
			isa = PBXContainerItemProxy;
			containerPortal = 1BE0D7AC238D608000702CFE /* Project object */;
			proxyType = 1;
			remoteGlobalIDString = 1BE0D7B3238D608000702CFE;
			remoteInfo = StrangeCalculator;
		};
/* End PBXContainerItemProxy section */

/* Begin PBXFileReference section */
		1B0CD0E023DF542600330C78 /* dashboard_example_response.json */ = {isa = PBXFileReference; fileEncoding = 4; lastKnownFileType = text.json; path = dashboard_example_response.json; sourceTree = "<group>"; };
		1B0CD0E123DF542600330C78 /* markets_example_response.json */ = {isa = PBXFileReference; fileEncoding = 4; lastKnownFileType = text.json; path = markets_example_response.json; sourceTree = "<group>"; };
		1B0CD0E223DF542600330C78 /* README.md */ = {isa = PBXFileReference; fileEncoding = 4; lastKnownFileType = net.daringfireball.markdown; path = README.md; sourceTree = "<group>"; };
		1B6BE54223DF14D600530D5E /* SampleViewController.swift */ = {isa = PBXFileReference; lastKnownFileType = sourcecode.swift; name = SampleViewController.swift; path = ../SampleViewController.swift; sourceTree = "<group>"; };
		1B6BE54423DF176500530D5E /* SampleCoordinator.swift */ = {isa = PBXFileReference; lastKnownFileType = sourcecode.swift; name = SampleCoordinator.swift; path = ../SampleCoordinator.swift; sourceTree = "<group>"; };
		1B6BE54623DF17CE00530D5E /* FXWorldTests.swift */ = {isa = PBXFileReference; lastKnownFileType = sourcecode.swift; path = FXWorldTests.swift; sourceTree = "<group>"; };
		1B6BE54823DF4E3600530D5E /* Service.swift */ = {isa = PBXFileReference; lastKnownFileType = sourcecode.swift; path = Service.swift; sourceTree = "<group>"; };
		1B6BE54A23DF4FB700530D5E /* SampleService.swift */ = {isa = PBXFileReference; lastKnownFileType = sourcecode.swift; path = SampleService.swift; sourceTree = "<group>"; };
		1B8C3B8B23916BAA00A12D6E /* TestResponse.swift */ = {isa = PBXFileReference; fileEncoding = 4; lastKnownFileType = sourcecode.swift; path = TestResponse.swift; sourceTree = "<group>"; };
		1B8C3B8C23916BAA00A12D6E /* TargetViewTestCase.swift */ = {isa = PBXFileReference; fileEncoding = 4; lastKnownFileType = sourcecode.swift; path = TargetViewTestCase.swift; sourceTree = "<group>"; };
		1BE0D7B4238D608000702CFE /* FXWorld.app */ = {isa = PBXFileReference; explicitFileType = wrapper.application; includeInIndex = 0; path = FXWorld.app; sourceTree = BUILT_PRODUCTS_DIR; };
		1BE0D7B7238D608000702CFE /* AppDelegate.swift */ = {isa = PBXFileReference; lastKnownFileType = sourcecode.swift; path = AppDelegate.swift; sourceTree = "<group>"; };
		1BE0D7B9238D608000702CFE /* SceneDelegate.swift */ = {isa = PBXFileReference; lastKnownFileType = sourcecode.swift; path = SceneDelegate.swift; sourceTree = "<group>"; };
		1BE0D7BE238D608000702CFE /* Base */ = {isa = PBXFileReference; lastKnownFileType = file.storyboard; name = Base; path = Base.lproj/Main.storyboard; sourceTree = "<group>"; };
		1BE0D7C0238D608200702CFE /* Assets.xcassets */ = {isa = PBXFileReference; lastKnownFileType = folder.assetcatalog; path = Assets.xcassets; sourceTree = "<group>"; };
		1BE0D7C3238D608200702CFE /* Base */ = {isa = PBXFileReference; lastKnownFileType = file.storyboard; name = Base; path = Base.lproj/LaunchScreen.storyboard; sourceTree = "<group>"; };
		1BE0D7C5238D608200702CFE /* Info.plist */ = {isa = PBXFileReference; lastKnownFileType = text.plist.xml; path = Info.plist; sourceTree = "<group>"; };
		1BE0D7CA238D608300702CFE /* FXWorldTests.xctest */ = {isa = PBXFileReference; explicitFileType = wrapper.cfbundle; includeInIndex = 0; path = FXWorldTests.xctest; sourceTree = BUILT_PRODUCTS_DIR; };
		1BE0D7D0238D608300702CFE /* Info.plist */ = {isa = PBXFileReference; lastKnownFileType = text.plist.xml; path = Info.plist; sourceTree = "<group>"; };
		1BE0D7D5238D608300702CFE /* FXWorldUITests.xctest */ = {isa = PBXFileReference; explicitFileType = wrapper.cfbundle; includeInIndex = 0; path = FXWorldUITests.xctest; sourceTree = BUILT_PRODUCTS_DIR; };
		1BE0D7D9238D608300702CFE /* FXWorldUITests.swift */ = {isa = PBXFileReference; lastKnownFileType = sourcecode.swift; path = FXWorldUITests.swift; sourceTree = "<group>"; };
		1BE0D7DB238D608300702CFE /* Info.plist */ = {isa = PBXFileReference; lastKnownFileType = text.plist.xml; path = Info.plist; sourceTree = "<group>"; };
		1BE0D7E8238D643B00702CFE /* Coordinator.swift */ = {isa = PBXFileReference; fileEncoding = 4; lastKnownFileType = sourcecode.swift; path = Coordinator.swift; sourceTree = "<group>"; };
		1BEA6CB223DF59DB0066F848 /* FXWorldViewController.swift */ = {isa = PBXFileReference; lastKnownFileType = sourcecode.swift; path = FXWorldViewController.swift; sourceTree = "<group>"; };
		1BEA6CB423DF5A030066F848 /* FXWorldCoordinator.swift */ = {isa = PBXFileReference; lastKnownFileType = sourcecode.swift; path = FXWorldCoordinator.swift; sourceTree = "<group>"; };
		1BEA6CB723DF5CE10066F848 /* DailyFXService.swift */ = {isa = PBXFileReference; lastKnownFileType = sourcecode.swift; path = DailyFXService.swift; sourceTree = "<group>"; };
		1BEA6CBA23DF5DB40066F848 /* FXModels.swift */ = {isa = PBXFileReference; lastKnownFileType = sourcecode.swift; path = FXModels.swift; sourceTree = "<group>"; };
/* End PBXFileReference section */

/* Begin PBXFrameworksBuildPhase section */
		1BE0D7B1238D608000702CFE /* Frameworks */ = {
			isa = PBXFrameworksBuildPhase;
			buildActionMask = 2147483647;
			files = (
			);
			runOnlyForDeploymentPostprocessing = 0;
		};
		1BE0D7C7238D608300702CFE /* Frameworks */ = {
			isa = PBXFrameworksBuildPhase;
			buildActionMask = 2147483647;
			files = (
			);
			runOnlyForDeploymentPostprocessing = 0;
		};
		1BE0D7D2238D608300702CFE /* Frameworks */ = {
			isa = PBXFrameworksBuildPhase;
			buildActionMask = 2147483647;
			files = (
			);
			runOnlyForDeploymentPostprocessing = 0;
		};
/* End PBXFrameworksBuildPhase section */

/* Begin PBXGroup section */
		1B0CD0DF23DF540E00330C78 /* Code Challenge */ = {
			isa = PBXGroup;
			children = (
				1B0CD0E223DF542600330C78 /* README.md */,
			);
			path = "Code Challenge";
			sourceTree = "<group>";
		};
		1B0CD0E623DF544200330C78 /* Code Challenge Data */ = {
			isa = PBXGroup;
			children = (
				1B0CD0E023DF542600330C78 /* dashboard_example_response.json */,
				1B0CD0E123DF542600330C78 /* markets_example_response.json */,
			);
			path = "Code Challenge Data";
			sourceTree = "<group>";
		};
		1B8C3B8A23916BAA00A12D6E /* TestHelpers */ = {
			isa = PBXGroup;
			children = (
				1B8C3B8B23916BAA00A12D6E /* TestResponse.swift */,
				1B8C3B8C23916BAA00A12D6E /* TargetViewTestCase.swift */,
			);
			path = TestHelpers;
			sourceTree = "<group>";
		};
		1BE0D7AB238D608000702CFE = {
			isa = PBXGroup;
			children = (
				1B0CD0DF23DF540E00330C78 /* Code Challenge */,
				1BE0D7E7238D636500702CFE /* AppArchitecture */,
				1BE0D7B6238D608000702CFE /* FXWorld */,
				1B8C3B8A23916BAA00A12D6E /* TestHelpers */,
				1BE0D7CD238D608300702CFE /* FXWorldTests */,
				1BE0D7D8238D608300702CFE /* FXWorldUITests */,
				1BE0D7B5238D608000702CFE /* Products */,
			);
			sourceTree = "<group>";
		};
		1BE0D7B5238D608000702CFE /* Products */ = {
			isa = PBXGroup;
			children = (
				1BE0D7B4238D608000702CFE /* FXWorld.app */,
				1BE0D7CA238D608300702CFE /* FXWorldTests.xctest */,
				1BE0D7D5238D608300702CFE /* FXWorldUITests.xctest */,
			);
			name = Products;
			sourceTree = "<group>";
		};
		1BE0D7B6238D608000702CFE /* FXWorld */ = {
			isa = PBXGroup;
			children = (
				1BEA6CB123DF59A50066F848 /* Sample_Code */,
				1BEA6CB023DF595C0066F848 /* MainScreen */,
				1BEA6CB623DF5CA40066F848 /* DailyFX_API */,
				1BEA6CB923DF5D8B0066F848 /* FXModels */,
				1BE0D7B7238D608000702CFE /* AppDelegate.swift */,
				1BE0D7B9238D608000702CFE /* SceneDelegate.swift */,
				1BE0D7BD238D608000702CFE /* Main.storyboard */,
				1BE0D7C0238D608200702CFE /* Assets.xcassets */,
				1BE0D7C2238D608200702CFE /* LaunchScreen.storyboard */,
				1BE0D7C5238D608200702CFE /* Info.plist */,
			);
			path = FXWorld;
			sourceTree = "<group>";
		};
		1BE0D7CD238D608300702CFE /* FXWorldTests */ = {
			isa = PBXGroup;
			children = (
				1B0CD0E623DF544200330C78 /* Code Challenge Data */,
				1B6BE54623DF17CE00530D5E /* FXWorldTests.swift */,
				1BE0D7D0238D608300702CFE /* Info.plist */,
			);
			path = FXWorldTests;
			sourceTree = "<group>";
		};
		1BE0D7D8238D608300702CFE /* FXWorldUITests */ = {
			isa = PBXGroup;
			children = (
				1BE0D7D9238D608300702CFE /* FXWorldUITests.swift */,
				1BE0D7DB238D608300702CFE /* Info.plist */,
			);
			path = FXWorldUITests;
			sourceTree = "<group>";
		};
		1BE0D7E7238D636500702CFE /* AppArchitecture */ = {
			isa = PBXGroup;
			children = (
				1BE0D7E8238D643B00702CFE /* Coordinator.swift */,
				1B6BE54823DF4E3600530D5E /* Service.swift */,
			);
			path = AppArchitecture;
			sourceTree = "<group>";
		};
		1BEA6CB023DF595C0066F848 /* MainScreen */ = {
			isa = PBXGroup;
			children = (
				1BEA6CB223DF59DB0066F848 /* FXWorldViewController.swift */,
				1BEA6CB423DF5A030066F848 /* FXWorldCoordinator.swift */,
			);
			path = MainScreen;
			sourceTree = "<group>";
		};
		1BEA6CB123DF59A50066F848 /* Sample_Code */ = {
			isa = PBXGroup;
			children = (
				1B6BE54223DF14D600530D5E /* SampleViewController.swift */,
				1B6BE54423DF176500530D5E /* SampleCoordinator.swift */,
				1B6BE54A23DF4FB700530D5E /* SampleService.swift */,
			);
			path = Sample_Code;
			sourceTree = "<group>";
		};
		1BEA6CB623DF5CA40066F848 /* DailyFX_API */ = {
			isa = PBXGroup;
			children = (
				1BEA6CB723DF5CE10066F848 /* DailyFXService.swift */,
			);
			path = DailyFX_API;
			sourceTree = "<group>";
		};
		1BEA6CB923DF5D8B0066F848 /* FXModels */ = {
			isa = PBXGroup;
			children = (
				1BEA6CBA23DF5DB40066F848 /* FXModels.swift */,
			);
			path = FXModels;
			sourceTree = "<group>";
		};
/* End PBXGroup section */

/* Begin PBXNativeTarget section */
		1BE0D7B3238D608000702CFE /* FXWorld */ = {
			isa = PBXNativeTarget;
			buildConfigurationList = 1BE0D7DE238D608300702CFE /* Build configuration list for PBXNativeTarget "FXWorld" */;
			buildPhases = (
				1BE0D7B0238D608000702CFE /* Sources */,
				1BE0D7B1238D608000702CFE /* Frameworks */,
				1BE0D7B2238D608000702CFE /* Resources */,
			);
			buildRules = (
			);
			dependencies = (
			);
			name = FXWorld;
			productName = StrangeCalculator;
			productReference = 1BE0D7B4238D608000702CFE /* FXWorld.app */;
			productType = "com.apple.product-type.application";
		};
		1BE0D7C9238D608300702CFE /* FXWorldTests */ = {
			isa = PBXNativeTarget;
			buildConfigurationList = 1BE0D7E1238D608300702CFE /* Build configuration list for PBXNativeTarget "FXWorldTests" */;
			buildPhases = (
				1BE0D7C6238D608300702CFE /* Sources */,
				1BE0D7C7238D608300702CFE /* Frameworks */,
				1BE0D7C8238D608300702CFE /* Resources */,
			);
			buildRules = (
			);
			dependencies = (
				1BE0D7CC238D608300702CFE /* PBXTargetDependency */,
			);
			name = FXWorldTests;
			productName = StrangeCalculatorTests;
			productReference = 1BE0D7CA238D608300702CFE /* FXWorldTests.xctest */;
			productType = "com.apple.product-type.bundle.unit-test";
		};
		1BE0D7D4238D608300702CFE /* FXWorldUITests */ = {
			isa = PBXNativeTarget;
			buildConfigurationList = 1BE0D7E4238D608300702CFE /* Build configuration list for PBXNativeTarget "FXWorldUITests" */;
			buildPhases = (
				1BE0D7D1238D608300702CFE /* Sources */,
				1BE0D7D2238D608300702CFE /* Frameworks */,
				1BE0D7D3238D608300702CFE /* Resources */,
			);
			buildRules = (
			);
			dependencies = (
				1BE0D7D7238D608300702CFE /* PBXTargetDependency */,
			);
			name = FXWorldUITests;
			productName = StrangeCalculatorUITests;
			productReference = 1BE0D7D5238D608300702CFE /* FXWorldUITests.xctest */;
			productType = "com.apple.product-type.bundle.ui-testing";
		};
/* End PBXNativeTarget section */

/* Begin PBXProject section */
		1BE0D7AC238D608000702CFE /* Project object */ = {
			isa = PBXProject;
			attributes = {
				LastSwiftUpdateCheck = 1120;
				LastUpgradeCheck = 1120;
				ORGANIZATIONNAME = "Frequency Communications";
				TargetAttributes = {
					1BE0D7B3238D608000702CFE = {
						CreatedOnToolsVersion = 11.2.1;
					};
					1BE0D7C9238D608300702CFE = {
						CreatedOnToolsVersion = 11.2.1;
						TestTargetID = 1BE0D7B3238D608000702CFE;
					};
					1BE0D7D4238D608300702CFE = {
						CreatedOnToolsVersion = 11.2.1;
						TestTargetID = 1BE0D7B3238D608000702CFE;
					};
				};
			};
			buildConfigurationList = 1BE0D7AF238D608000702CFE /* Build configuration list for PBXProject "FXWorld" */;
			compatibilityVersion = "Xcode 9.3";
			developmentRegion = en;
			hasScannedForEncodings = 0;
			knownRegions = (
				en,
				Base,
			);
			mainGroup = 1BE0D7AB238D608000702CFE;
			productRefGroup = 1BE0D7B5238D608000702CFE /* Products */;
			projectDirPath = "";
			projectRoot = "";
			targets = (
				1BE0D7B3238D608000702CFE /* FXWorld */,
				1BE0D7C9238D608300702CFE /* FXWorldTests */,
				1BE0D7D4238D608300702CFE /* FXWorldUITests */,
			);
		};
/* End PBXProject section */

/* Begin PBXResourcesBuildPhase section */
		1BE0D7B2238D608000702CFE /* Resources */ = {
			isa = PBXResourcesBuildPhase;
			buildActionMask = 2147483647;
			files = (
				1B0CD0E523DF542700330C78 /* README.md in Resources */,
				1BE0D7C4238D608200702CFE /* LaunchScreen.storyboard in Resources */,
				1BE0D7C1238D608200702CFE /* Assets.xcassets in Resources */,
				1BE0D7BF238D608000702CFE /* Main.storyboard in Resources */,
			);
			runOnlyForDeploymentPostprocessing = 0;
		};
		1BE0D7C8238D608300702CFE /* Resources */ = {
			isa = PBXResourcesBuildPhase;
			buildActionMask = 2147483647;
			files = (
				1B0CD0E723DF545700330C78 /* dashboard_example_response.json in Resources */,
				1B0CD0E823DF545700330C78 /* markets_example_response.json in Resources */,
			);
			runOnlyForDeploymentPostprocessing = 0;
		};
		1BE0D7D3238D608300702CFE /* Resources */ = {
			isa = PBXResourcesBuildPhase;
			buildActionMask = 2147483647;
			files = (
				1B0CD0E923DF545B00330C78 /* dashboard_example_response.json in Resources */,
				1B0CD0EA23DF545B00330C78 /* markets_example_response.json in Resources */,
			);
			runOnlyForDeploymentPostprocessing = 0;
		};
/* End PBXResourcesBuildPhase section */

/* Begin PBXSourcesBuildPhase section */
		1BE0D7B0238D608000702CFE /* Sources */ = {
			isa = PBXSourcesBuildPhase;
			buildActionMask = 2147483647;
			files = (
				1BEA6CBB23DF5DB40066F848 /* FXModels.swift in Sources */,
				1BEA6CB523DF5A030066F848 /* FXWorldCoordinator.swift in Sources */,
				1BE0D7E9238D643B00702CFE /* Coordinator.swift in Sources */,
				1B6BE54323DF14D600530D5E /* SampleViewController.swift in Sources */,
				1BEA6CB823DF5CE10066F848 /* DailyFXService.swift in Sources */,
				1B6BE54523DF176500530D5E /* SampleCoordinator.swift in Sources */,
				1BEA6CB323DF59DB0066F848 /* FXWorldViewController.swift in Sources */,
				1BE0D7B8238D608000702CFE /* AppDelegate.swift in Sources */,
				1BE0D7BA238D608000702CFE /* SceneDelegate.swift in Sources */,
				1B6BE54923DF4E3600530D5E /* Service.swift in Sources */,
				1B6BE54B23DF4FB700530D5E /* SampleService.swift in Sources */,
			);
			runOnlyForDeploymentPostprocessing = 0;
		};
		1BE0D7C6238D608300702CFE /* Sources */ = {
			isa = PBXSourcesBuildPhase;
			buildActionMask = 2147483647;
			files = (
				1B6BE54723DF17CE00530D5E /* FXWorldTests.swift in Sources */,
				1B8C3B8D23916BAA00A12D6E /* TestResponse.swift in Sources */,
				1B8C3B8E23916BAA00A12D6E /* TargetViewTestCase.swift in Sources */,
			);
			runOnlyForDeploymentPostprocessing = 0;
		};
		1BE0D7D1238D608300702CFE /* Sources */ = {
			isa = PBXSourcesBuildPhase;
			buildActionMask = 2147483647;
			files = (
				1BE0D7DA238D608300702CFE /* FXWorldUITests.swift in Sources */,
			);
			runOnlyForDeploymentPostprocessing = 0;
		};
/* End PBXSourcesBuildPhase section */

/* Begin PBXTargetDependency section */
		1BE0D7CC238D608300702CFE /* PBXTargetDependency */ = {
			isa = PBXTargetDependency;
			target = 1BE0D7B3238D608000702CFE /* FXWorld */;
			targetProxy = 1BE0D7CB238D608300702CFE /* PBXContainerItemProxy */;
		};
		1BE0D7D7238D608300702CFE /* PBXTargetDependency */ = {
			isa = PBXTargetDependency;
			target = 1BE0D7B3238D608000702CFE /* FXWorld */;
			targetProxy = 1BE0D7D6238D608300702CFE /* PBXContainerItemProxy */;
		};
/* End PBXTargetDependency section */

/* Begin PBXVariantGroup section */
		1BE0D7BD238D608000702CFE /* Main.storyboard */ = {
			isa = PBXVariantGroup;
			children = (
				1BE0D7BE238D608000702CFE /* Base */,
			);
			name = Main.storyboard;
			sourceTree = "<group>";
		};
		1BE0D7C2238D608200702CFE /* LaunchScreen.storyboard */ = {
			isa = PBXVariantGroup;
			children = (
				1BE0D7C3238D608200702CFE /* Base */,
			);
			name = LaunchScreen.storyboard;
			sourceTree = "<group>";
		};
/* End PBXVariantGroup section */

/* Begin XCBuildConfiguration section */
		1BE0D7DC238D608300702CFE /* Debug */ = {
			isa = XCBuildConfiguration;
			buildSettings = {
				ALWAYS_SEARCH_USER_PATHS = NO;
				CLANG_ANALYZER_NONNULL = YES;
				CLANG_ANALYZER_NUMBER_OBJECT_CONVERSION = YES_AGGRESSIVE;
				CLANG_CXX_LANGUAGE_STANDARD = "gnu++14";
				CLANG_CXX_LIBRARY = "libc++";
				CLANG_ENABLE_MODULES = YES;
				CLANG_ENABLE_OBJC_ARC = YES;
				CLANG_ENABLE_OBJC_WEAK = YES;
				CLANG_WARN_BLOCK_CAPTURE_AUTORELEASING = YES;
				CLANG_WARN_BOOL_CONVERSION = YES;
				CLANG_WARN_COMMA = YES;
				CLANG_WARN_CONSTANT_CONVERSION = YES;
				CLANG_WARN_DEPRECATED_OBJC_IMPLEMENTATIONS = YES;
				CLANG_WARN_DIRECT_OBJC_ISA_USAGE = YES_ERROR;
				CLANG_WARN_DOCUMENTATION_COMMENTS = YES;
				CLANG_WARN_EMPTY_BODY = YES;
				CLANG_WARN_ENUM_CONVERSION = YES;
				CLANG_WARN_INFINITE_RECURSION = YES;
				CLANG_WARN_INT_CONVERSION = YES;
				CLANG_WARN_NON_LITERAL_NULL_CONVERSION = YES;
				CLANG_WARN_OBJC_IMPLICIT_RETAIN_SELF = YES;
				CLANG_WARN_OBJC_LITERAL_CONVERSION = YES;
				CLANG_WARN_OBJC_ROOT_CLASS = YES_ERROR;
				CLANG_WARN_RANGE_LOOP_ANALYSIS = YES;
				CLANG_WARN_STRICT_PROTOTYPES = YES;
				CLANG_WARN_SUSPICIOUS_MOVE = YES;
				CLANG_WARN_UNGUARDED_AVAILABILITY = YES_AGGRESSIVE;
				CLANG_WARN_UNREACHABLE_CODE = YES;
				CLANG_WARN__DUPLICATE_METHOD_MATCH = YES;
				COPY_PHASE_STRIP = NO;
				DEBUG_INFORMATION_FORMAT = dwarf;
				ENABLE_STRICT_OBJC_MSGSEND = YES;
				ENABLE_TESTABILITY = YES;
				GCC_C_LANGUAGE_STANDARD = gnu11;
				GCC_DYNAMIC_NO_PIC = NO;
				GCC_NO_COMMON_BLOCKS = YES;
				GCC_OPTIMIZATION_LEVEL = 0;
				GCC_PREPROCESSOR_DEFINITIONS = (
					"DEBUG=1",
					"$(inherited)",
				);
				GCC_WARN_64_TO_32_BIT_CONVERSION = YES;
				GCC_WARN_ABOUT_RETURN_TYPE = YES_ERROR;
				GCC_WARN_UNDECLARED_SELECTOR = YES;
				GCC_WARN_UNINITIALIZED_AUTOS = YES_AGGRESSIVE;
				GCC_WARN_UNUSED_FUNCTION = YES;
				GCC_WARN_UNUSED_VARIABLE = YES;
				IPHONEOS_DEPLOYMENT_TARGET = 13.2;
				MTL_ENABLE_DEBUG_INFO = INCLUDE_SOURCE;
				MTL_FAST_MATH = YES;
				ONLY_ACTIVE_ARCH = YES;
				SDKROOT = iphoneos;
				SWIFT_ACTIVE_COMPILATION_CONDITIONS = DEBUG;
				SWIFT_OPTIMIZATION_LEVEL = "-Onone";
			};
			name = Debug;
		};
		1BE0D7DD238D608300702CFE /* Release */ = {
			isa = XCBuildConfiguration;
			buildSettings = {
				ALWAYS_SEARCH_USER_PATHS = NO;
				CLANG_ANALYZER_NONNULL = YES;
				CLANG_ANALYZER_NUMBER_OBJECT_CONVERSION = YES_AGGRESSIVE;
				CLANG_CXX_LANGUAGE_STANDARD = "gnu++14";
				CLANG_CXX_LIBRARY = "libc++";
				CLANG_ENABLE_MODULES = YES;
				CLANG_ENABLE_OBJC_ARC = YES;
				CLANG_ENABLE_OBJC_WEAK = YES;
				CLANG_WARN_BLOCK_CAPTURE_AUTORELEASING = YES;
				CLANG_WARN_BOOL_CONVERSION = YES;
				CLANG_WARN_COMMA = YES;
				CLANG_WARN_CONSTANT_CONVERSION = YES;
				CLANG_WARN_DEPRECATED_OBJC_IMPLEMENTATIONS = YES;
				CLANG_WARN_DIRECT_OBJC_ISA_USAGE = YES_ERROR;
				CLANG_WARN_DOCUMENTATION_COMMENTS = YES;
				CLANG_WARN_EMPTY_BODY = YES;
				CLANG_WARN_ENUM_CONVERSION = YES;
				CLANG_WARN_INFINITE_RECURSION = YES;
				CLANG_WARN_INT_CONVERSION = YES;
				CLANG_WARN_NON_LITERAL_NULL_CONVERSION = YES;
				CLANG_WARN_OBJC_IMPLICIT_RETAIN_SELF = YES;
				CLANG_WARN_OBJC_LITERAL_CONVERSION = YES;
				CLANG_WARN_OBJC_ROOT_CLASS = YES_ERROR;
				CLANG_WARN_RANGE_LOOP_ANALYSIS = YES;
				CLANG_WARN_STRICT_PROTOTYPES = YES;
				CLANG_WARN_SUSPICIOUS_MOVE = YES;
				CLANG_WARN_UNGUARDED_AVAILABILITY = YES_AGGRESSIVE;
				CLANG_WARN_UNREACHABLE_CODE = YES;
				CLANG_WARN__DUPLICATE_METHOD_MATCH = YES;
				COPY_PHASE_STRIP = NO;
				DEBUG_INFORMATION_FORMAT = "dwarf-with-dsym";
				ENABLE_NS_ASSERTIONS = NO;
				ENABLE_STRICT_OBJC_MSGSEND = YES;
				GCC_C_LANGUAGE_STANDARD = gnu11;
				GCC_NO_COMMON_BLOCKS = YES;
				GCC_WARN_64_TO_32_BIT_CONVERSION = YES;
				GCC_WARN_ABOUT_RETURN_TYPE = YES_ERROR;
				GCC_WARN_UNDECLARED_SELECTOR = YES;
				GCC_WARN_UNINITIALIZED_AUTOS = YES_AGGRESSIVE;
				GCC_WARN_UNUSED_FUNCTION = YES;
				GCC_WARN_UNUSED_VARIABLE = YES;
				IPHONEOS_DEPLOYMENT_TARGET = 13.2;
				MTL_ENABLE_DEBUG_INFO = NO;
				MTL_FAST_MATH = YES;
				SDKROOT = iphoneos;
				SWIFT_COMPILATION_MODE = wholemodule;
				SWIFT_OPTIMIZATION_LEVEL = "-O";
				VALIDATE_PRODUCT = YES;
			};
			name = Release;
		};
		1BE0D7DF238D608300702CFE /* Debug */ = {
			isa = XCBuildConfiguration;
			buildSettings = {
				ASSETCATALOG_COMPILER_APPICON_NAME = AppIcon;
				CODE_SIGN_STYLE = Automatic;
				DEVELOPMENT_TEAM = S5VWLM54JC;
				INFOPLIST_FILE = FXWorld/Info.plist;
				LD_RUNPATH_SEARCH_PATHS = (
					"$(inherited)",
					"@executable_path/Frameworks",
				);
				PRODUCT_BUNDLE_IDENTIFIER = io.ibat.other.tests;
				PRODUCT_NAME = FXWorld;
				SWIFT_VERSION = 5.0;
				TARGETED_DEVICE_FAMILY = "1,2";
			};
			name = Debug;
		};
		1BE0D7E0238D608300702CFE /* Release */ = {
			isa = XCBuildConfiguration;
			buildSettings = {
				ASSETCATALOG_COMPILER_APPICON_NAME = AppIcon;
				CODE_SIGN_STYLE = Automatic;
				DEVELOPMENT_TEAM = S5VWLM54JC;
				INFOPLIST_FILE = FXWorld/Info.plist;
				LD_RUNPATH_SEARCH_PATHS = (
					"$(inherited)",
					"@executable_path/Frameworks",
				);
				PRODUCT_BUNDLE_IDENTIFIER = io.ibat.other.tests;
				PRODUCT_NAME = FXWorld;
				SWIFT_VERSION = 5.0;
				TARGETED_DEVICE_FAMILY = "1,2";
			};
			name = Release;
		};
		1BE0D7E2238D608300702CFE /* Debug */ = {
			isa = XCBuildConfiguration;
			buildSettings = {
				ALWAYS_EMBED_SWIFT_STANDARD_LIBRARIES = YES;
				BUNDLE_LOADER = "$(TEST_HOST)";
				CODE_SIGN_STYLE = Automatic;
				INFOPLIST_FILE = CoordinatorSampleTests/Info.plist;
				IPHONEOS_DEPLOYMENT_TARGET = 13.2;
				LD_RUNPATH_SEARCH_PATHS = (
					"$(inherited)",
					"@executable_path/Frameworks",
					"@loader_path/Frameworks",
				);
				PRODUCT_BUNDLE_IDENTIFIER = io.ibat.other.tests.CoordinatorSampleTests;
				PRODUCT_NAME = "$(TARGET_NAME)";
				SWIFT_VERSION = 5.0;
				TARGETED_DEVICE_FAMILY = "1,2";
				TEST_HOST = "$(BUILT_PRODUCTS_DIR)/FXWorld.app/FXWorld";
			};
			name = Debug;
		};
		1BE0D7E3238D608300702CFE /* Release */ = {
			isa = XCBuildConfiguration;
			buildSettings = {
				ALWAYS_EMBED_SWIFT_STANDARD_LIBRARIES = YES;
				BUNDLE_LOADER = "$(TEST_HOST)";
				CODE_SIGN_STYLE = Automatic;
				INFOPLIST_FILE = CoordinatorSampleTests/Info.plist;
				IPHONEOS_DEPLOYMENT_TARGET = 13.2;
				LD_RUNPATH_SEARCH_PATHS = (
					"$(inherited)",
					"@executable_path/Frameworks",
					"@loader_path/Frameworks",
				);
				PRODUCT_BUNDLE_IDENTIFIER = io.ibat.other.tests.CoordinatorSampleTests;
				PRODUCT_NAME = "$(TARGET_NAME)";
				SWIFT_VERSION = 5.0;
				TARGETED_DEVICE_FAMILY = "1,2";
				TEST_HOST = "$(BUILT_PRODUCTS_DIR)/FXWorld.app/FXWorld";
			};
			name = Release;
		};
		1BE0D7E5238D608300702CFE /* Debug */ = {
			isa = XCBuildConfiguration;
			buildSettings = {
				ALWAYS_EMBED_SWIFT_STANDARD_LIBRARIES = YES;
				CODE_SIGN_STYLE = Automatic;
				INFOPLIST_FILE = CoordinatorSampleUITests/Info.plist;
				LD_RUNPATH_SEARCH_PATHS = (
					"$(inherited)",
					"@executable_path/Frameworks",
					"@loader_path/Frameworks",
				);
				PRODUCT_BUNDLE_IDENTIFIER = io.ibat.other.tests.CoordinatorSampleUITests;
				PRODUCT_NAME = "$(TARGET_NAME)";
				SWIFT_VERSION = 5.0;
				TARGETED_DEVICE_FAMILY = "1,2";
				TEST_TARGET_NAME = FXWorld;
			};
			name = Debug;
		};
		1BE0D7E6238D608300702CFE /* Release */ = {
			isa = XCBuildConfiguration;
			buildSettings = {
				ALWAYS_EMBED_SWIFT_STANDARD_LIBRARIES = YES;
				CODE_SIGN_STYLE = Automatic;
				INFOPLIST_FILE = CoordinatorSampleUITests/Info.plist;
				LD_RUNPATH_SEARCH_PATHS = (
					"$(inherited)",
					"@executable_path/Frameworks",
					"@loader_path/Frameworks",
				);
				PRODUCT_BUNDLE_IDENTIFIER = io.ibat.other.tests.CoordinatorSampleUITests;
				PRODUCT_NAME = "$(TARGET_NAME)";
				SWIFT_VERSION = 5.0;
				TARGETED_DEVICE_FAMILY = "1,2";
				TEST_TARGET_NAME = FXWorld;
			};
			name = Release;
		};
/* End XCBuildConfiguration section */

/* Begin XCConfigurationList section */
		1BE0D7AF238D608000702CFE /* Build configuration list for PBXProject "FXWorld" */ = {
			isa = XCConfigurationList;
			buildConfigurations = (
				1BE0D7DC238D608300702CFE /* Debug */,
				1BE0D7DD238D608300702CFE /* Release */,
			);
			defaultConfigurationIsVisible = 0;
			defaultConfigurationName = Release;
		};
		1BE0D7DE238D608300702CFE /* Build configuration list for PBXNativeTarget "FXWorld" */ = {
			isa = XCConfigurationList;
			buildConfigurations = (
				1BE0D7DF238D608300702CFE /* Debug */,
				1BE0D7E0238D608300702CFE /* Release */,
			);
			defaultConfigurationIsVisible = 0;
			defaultConfigurationName = Release;
		};
		1BE0D7E1238D608300702CFE /* Build configuration list for PBXNativeTarget "FXWorldTests" */ = {
			isa = XCConfigurationList;
			buildConfigurations = (
				1BE0D7E2238D608300702CFE /* Debug */,
				1BE0D7E3238D608300702CFE /* Release */,
			);
			defaultConfigurationIsVisible = 0;
			defaultConfigurationName = Release;
		};
		1BE0D7E4238D608300702CFE /* Build configuration list for PBXNativeTarget "FXWorldUITests" */ = {
			isa = XCConfigurationList;
			buildConfigurations = (
				1BE0D7E5238D608300702CFE /* Debug */,
				1BE0D7E6238D608300702CFE /* Release */,
			);
			defaultConfigurationIsVisible = 0;
			defaultConfigurationName = Release;
		};
/* End XCConfigurationList section */
	};
	rootObject = 1BE0D7AC238D608000702CFE /* Project object */;
}
